// !$*UTF8*$!
{
	archiveVersion = 1;
	classes = {
	};
	objectVersion = 56;
	objects = {

/* Begin PBXBuildFile section */
		294E0C8E2A9A679E00E4C01B /* TheBlueAppApp.swift in Sources */ = {isa = PBXBuildFile; fileRef = 294E0C8D2A9A679E00E4C01B /* TheBlueAppApp.swift */; };
		294E0C902A9A679E00E4C01B /* ContentView.swift in Sources */ = {isa = PBXBuildFile; fileRef = 294E0C8F2A9A679E00E4C01B /* ContentView.swift */; };
		294E0C922A9A679F00E4C01B /* Assets.xcassets in Resources */ = {isa = PBXBuildFile; fileRef = 294E0C912A9A679F00E4C01B /* Assets.xcassets */; };
		294E0C952A9A679F00E4C01B /* Preview Assets.xcassets in Resources */ = {isa = PBXBuildFile; fileRef = 294E0C942A9A679F00E4C01B /* Preview Assets.xcassets */; };
		294E0C9F2A9A679F00E4C01B /* TheBlueAppTests.swift in Sources */ = {isa = PBXBuildFile; fileRef = 294E0C9E2A9A679F00E4C01B /* TheBlueAppTests.swift */; };
		294E0CA92A9A679F00E4C01B /* TheBlueAppUITests.swift in Sources */ = {isa = PBXBuildFile; fileRef = 294E0CA82A9A679F00E4C01B /* TheBlueAppUITests.swift */; };
		294E0CAB2A9A679F00E4C01B /* TheBlueAppUITestsLaunchTests.swift in Sources */ = {isa = PBXBuildFile; fileRef = 294E0CAA2A9A679F00E4C01B /* TheBlueAppUITestsLaunchTests.swift */; };
		294E0CBB2A9BD52200E4C01B /* SensorConnectionView.swift in Sources */ = {isa = PBXBuildFile; fileRef = 294E0CBA2A9BD52200E4C01B /* SensorConnectionView.swift */; };
		294E0CC32A9BDF4600E4C01B /* CustomViews.swift in Sources */ = {isa = PBXBuildFile; fileRef = 294E0CC22A9BDF4600E4C01B /* CustomViews.swift */; };
		294E0CC72A9BEDD000E4C01B /* SensorsDataView.swift in Sources */ = {isa = PBXBuildFile; fileRef = 294E0CC62A9BEDD000E4C01B /* SensorsDataView.swift */; };
		294E0CC92A9BF32500E4C01B /* BLEController.swift in Sources */ = {isa = PBXBuildFile; fileRef = 294E0CC82A9BF32500E4C01B /* BLEController.swift */; };
		294E0CCB2A9BF92B00E4C01B /* RTSensors.swift in Sources */ = {isa = PBXBuildFile; fileRef = 294E0CCA2A9BF92B00E4C01B /* RTSensors.swift */; };
/* End PBXBuildFile section */

/* Begin PBXContainerItemProxy section */
		294E0C9B2A9A679F00E4C01B /* PBXContainerItemProxy */ = {
			isa = PBXContainerItemProxy;
			containerPortal = 294E0C822A9A679E00E4C01B /* Project object */;
			proxyType = 1;
			remoteGlobalIDString = 294E0C892A9A679E00E4C01B;
			remoteInfo = TheBlueApp;
		};
		294E0CA52A9A679F00E4C01B /* PBXContainerItemProxy */ = {
			isa = PBXContainerItemProxy;
			containerPortal = 294E0C822A9A679E00E4C01B /* Project object */;
			proxyType = 1;
			remoteGlobalIDString = 294E0C892A9A679E00E4C01B;
			remoteInfo = TheBlueApp;
		};
/* End PBXContainerItemProxy section */

/* Begin PBXFileReference section */
		294E0C8A2A9A679E00E4C01B /* TheBlueApp.app */ = {isa = PBXFileReference; explicitFileType = wrapper.application; includeInIndex = 0; path = TheBlueApp.app; sourceTree = BUILT_PRODUCTS_DIR; };
		294E0C8D2A9A679E00E4C01B /* TheBlueAppApp.swift */ = {isa = PBXFileReference; lastKnownFileType = sourcecode.swift; path = TheBlueAppApp.swift; sourceTree = "<group>"; };
		294E0C8F2A9A679E00E4C01B /* ContentView.swift */ = {isa = PBXFileReference; lastKnownFileType = sourcecode.swift; path = ContentView.swift; sourceTree = "<group>"; };
		294E0C912A9A679F00E4C01B /* Assets.xcassets */ = {isa = PBXFileReference; lastKnownFileType = folder.assetcatalog; path = Assets.xcassets; sourceTree = "<group>"; };
		294E0C942A9A679F00E4C01B /* Preview Assets.xcassets */ = {isa = PBXFileReference; lastKnownFileType = folder.assetcatalog; path = "Preview Assets.xcassets"; sourceTree = "<group>"; };
		294E0C9A2A9A679F00E4C01B /* TheBlueAppTests.xctest */ = {isa = PBXFileReference; explicitFileType = wrapper.cfbundle; includeInIndex = 0; path = TheBlueAppTests.xctest; sourceTree = BUILT_PRODUCTS_DIR; };
		294E0C9E2A9A679F00E4C01B /* TheBlueAppTests.swift */ = {isa = PBXFileReference; lastKnownFileType = sourcecode.swift; path = TheBlueAppTests.swift; sourceTree = "<group>"; };
		294E0CA42A9A679F00E4C01B /* TheBlueAppUITests.xctest */ = {isa = PBXFileReference; explicitFileType = wrapper.cfbundle; includeInIndex = 0; path = TheBlueAppUITests.xctest; sourceTree = BUILT_PRODUCTS_DIR; };
		294E0CA82A9A679F00E4C01B /* TheBlueAppUITests.swift */ = {isa = PBXFileReference; lastKnownFileType = sourcecode.swift; path = TheBlueAppUITests.swift; sourceTree = "<group>"; };
		294E0CAA2A9A679F00E4C01B /* TheBlueAppUITestsLaunchTests.swift */ = {isa = PBXFileReference; lastKnownFileType = sourcecode.swift; path = TheBlueAppUITestsLaunchTests.swift; sourceTree = "<group>"; };
		294E0CB72A9BD37A00E4C01B /* Info.plist */ = {isa = PBXFileReference; lastKnownFileType = text.plist; path = Info.plist; sourceTree = "<group>"; };
		294E0CBA2A9BD52200E4C01B /* SensorConnectionView.swift */ = {isa = PBXFileReference; lastKnownFileType = sourcecode.swift; path = SensorConnectionView.swift; sourceTree = "<group>"; };
		294E0CC22A9BDF4600E4C01B /* CustomViews.swift */ = {isa = PBXFileReference; lastKnownFileType = sourcecode.swift; path = CustomViews.swift; sourceTree = "<group>"; };
		294E0CC62A9BEDD000E4C01B /* SensorsDataView.swift */ = {isa = PBXFileReference; lastKnownFileType = sourcecode.swift; path = SensorsDataView.swift; sourceTree = "<group>"; };
		294E0CC82A9BF32500E4C01B /* BLEController.swift */ = {isa = PBXFileReference; lastKnownFileType = sourcecode.swift; path = BLEController.swift; sourceTree = "<group>"; };
		294E0CCA2A9BF92B00E4C01B /* RTSensors.swift */ = {isa = PBXFileReference; lastKnownFileType = sourcecode.swift; path = RTSensors.swift; sourceTree = "<group>"; };
/* End PBXFileReference section */

/* Begin PBXFrameworksBuildPhase section */
		294E0C872A9A679E00E4C01B /* Frameworks */ = {
			isa = PBXFrameworksBuildPhase;
			buildActionMask = 2147483647;
			files = (
			);
			runOnlyForDeploymentPostprocessing = 0;
		};
		294E0C972A9A679F00E4C01B /* Frameworks */ = {
			isa = PBXFrameworksBuildPhase;
			buildActionMask = 2147483647;
			files = (
			);
			runOnlyForDeploymentPostprocessing = 0;
		};
		294E0CA12A9A679F00E4C01B /* Frameworks */ = {
			isa = PBXFrameworksBuildPhase;
			buildActionMask = 2147483647;
			files = (
			);
			runOnlyForDeploymentPostprocessing = 0;
		};
/* End PBXFrameworksBuildPhase section */

/* Begin PBXGroup section */
		294E0C812A9A679E00E4C01B = {
			isa = PBXGroup;
			children = (
				294E0C8C2A9A679E00E4C01B /* TheBlueApp */,
				294E0C9D2A9A679F00E4C01B /* TheBlueAppTests */,
				294E0CA72A9A679F00E4C01B /* TheBlueAppUITests */,
				294E0C8B2A9A679E00E4C01B /* Products */,
			);
			sourceTree = "<group>";
		};
		294E0C8B2A9A679E00E4C01B /* Products */ = {
			isa = PBXGroup;
			children = (
				294E0C8A2A9A679E00E4C01B /* TheBlueApp.app */,
				294E0C9A2A9A679F00E4C01B /* TheBlueAppTests.xctest */,
				294E0CA42A9A679F00E4C01B /* TheBlueAppUITests.xctest */,
			);
			name = Products;
			sourceTree = "<group>";
		};
		294E0C8C2A9A679E00E4C01B /* TheBlueApp */ = {
			isa = PBXGroup;
			children = (
				294E0CB72A9BD37A00E4C01B /* Info.plist */,
				294E0C8D2A9A679E00E4C01B /* TheBlueAppApp.swift */,
				294E0C8F2A9A679E00E4C01B /* ContentView.swift */,
				294E0CC82A9BF32500E4C01B /* BLEController.swift */,
				294E0CC62A9BEDD000E4C01B /* SensorsDataView.swift */,
				294E0CC22A9BDF4600E4C01B /* CustomViews.swift */,
				294E0CBA2A9BD52200E4C01B /* SensorConnectionView.swift */,
				294E0CCA2A9BF92B00E4C01B /* RTSensors.swift */,
				294E0C912A9A679F00E4C01B /* Assets.xcassets */,
				294E0C932A9A679F00E4C01B /* Preview Content */,
			);
			path = TheBlueApp;
			sourceTree = "<group>";
		};
		294E0C932A9A679F00E4C01B /* Preview Content */ = {
			isa = PBXGroup;
			children = (
				294E0C942A9A679F00E4C01B /* Preview Assets.xcassets */,
			);
			path = "Preview Content";
			sourceTree = "<group>";
		};
		294E0C9D2A9A679F00E4C01B /* TheBlueAppTests */ = {
			isa = PBXGroup;
			children = (
				294E0C9E2A9A679F00E4C01B /* TheBlueAppTests.swift */,
			);
			path = TheBlueAppTests;
			sourceTree = "<group>";
		};
		294E0CA72A9A679F00E4C01B /* TheBlueAppUITests */ = {
			isa = PBXGroup;
			children = (
				294E0CA82A9A679F00E4C01B /* TheBlueAppUITests.swift */,
				294E0CAA2A9A679F00E4C01B /* TheBlueAppUITestsLaunchTests.swift */,
			);
			path = TheBlueAppUITests;
			sourceTree = "<group>";
		};
/* End PBXGroup section */

/* Begin PBXNativeTarget section */
		294E0C892A9A679E00E4C01B /* TheBlueApp */ = {
			isa = PBXNativeTarget;
			buildConfigurationList = 294E0CAE2A9A679F00E4C01B /* Build configuration list for PBXNativeTarget "TheBlueApp" */;
			buildPhases = (
				294E0C862A9A679E00E4C01B /* Sources */,
				294E0C872A9A679E00E4C01B /* Frameworks */,
				294E0C882A9A679E00E4C01B /* Resources */,
			);
			buildRules = (
			);
			dependencies = (
			);
			name = TheBlueApp;
			productName = TheBlueApp;
			productReference = 294E0C8A2A9A679E00E4C01B /* TheBlueApp.app */;
			productType = "com.apple.product-type.application";
		};
		294E0C992A9A679F00E4C01B /* TheBlueAppTests */ = {
			isa = PBXNativeTarget;
			buildConfigurationList = 294E0CB12A9A679F00E4C01B /* Build configuration list for PBXNativeTarget "TheBlueAppTests" */;
			buildPhases = (
				294E0C962A9A679F00E4C01B /* Sources */,
				294E0C972A9A679F00E4C01B /* Frameworks */,
				294E0C982A9A679F00E4C01B /* Resources */,
			);
			buildRules = (
			);
			dependencies = (
				294E0C9C2A9A679F00E4C01B /* PBXTargetDependency */,
			);
			name = TheBlueAppTests;
			productName = TheBlueAppTests;
			productReference = 294E0C9A2A9A679F00E4C01B /* TheBlueAppTests.xctest */;
			productType = "com.apple.product-type.bundle.unit-test";
		};
		294E0CA32A9A679F00E4C01B /* TheBlueAppUITests */ = {
			isa = PBXNativeTarget;
			buildConfigurationList = 294E0CB42A9A679F00E4C01B /* Build configuration list for PBXNativeTarget "TheBlueAppUITests" */;
			buildPhases = (
				294E0CA02A9A679F00E4C01B /* Sources */,
				294E0CA12A9A679F00E4C01B /* Frameworks */,
				294E0CA22A9A679F00E4C01B /* Resources */,
			);
			buildRules = (
			);
			dependencies = (
				294E0CA62A9A679F00E4C01B /* PBXTargetDependency */,
			);
			name = TheBlueAppUITests;
			productName = TheBlueAppUITests;
			productReference = 294E0CA42A9A679F00E4C01B /* TheBlueAppUITests.xctest */;
			productType = "com.apple.product-type.bundle.ui-testing";
		};
/* End PBXNativeTarget section */

/* Begin PBXProject section */
		294E0C822A9A679E00E4C01B /* Project object */ = {
			isa = PBXProject;
			attributes = {
				BuildIndependentTargetsInParallel = 1;
				LastSwiftUpdateCheck = 1430;
				LastUpgradeCheck = 1430;
				TargetAttributes = {
					294E0C892A9A679E00E4C01B = {
						CreatedOnToolsVersion = 14.3.1;
					};
					294E0C992A9A679F00E4C01B = {
						CreatedOnToolsVersion = 14.3.1;
						TestTargetID = 294E0C892A9A679E00E4C01B;
					};
					294E0CA32A9A679F00E4C01B = {
						CreatedOnToolsVersion = 14.3.1;
						TestTargetID = 294E0C892A9A679E00E4C01B;
					};
				};
			};
			buildConfigurationList = 294E0C852A9A679E00E4C01B /* Build configuration list for PBXProject "TheBlueApp" */;
			compatibilityVersion = "Xcode 14.0";
			developmentRegion = en;
			hasScannedForEncodings = 0;
			knownRegions = (
				en,
				Base,
			);
			mainGroup = 294E0C812A9A679E00E4C01B;
			productRefGroup = 294E0C8B2A9A679E00E4C01B /* Products */;
			projectDirPath = "";
			projectRoot = "";
			targets = (
				294E0C892A9A679E00E4C01B /* TheBlueApp */,
				294E0C992A9A679F00E4C01B /* TheBlueAppTests */,
				294E0CA32A9A679F00E4C01B /* TheBlueAppUITests */,
			);
		};
/* End PBXProject section */

/* Begin PBXResourcesBuildPhase section */
		294E0C882A9A679E00E4C01B /* Resources */ = {
			isa = PBXResourcesBuildPhase;
			buildActionMask = 2147483647;
			files = (
				294E0C952A9A679F00E4C01B /* Preview Assets.xcassets in Resources */,
				294E0C922A9A679F00E4C01B /* Assets.xcassets in Resources */,
			);
			runOnlyForDeploymentPostprocessing = 0;
		};
		294E0C982A9A679F00E4C01B /* Resources */ = {
			isa = PBXResourcesBuildPhase;
			buildActionMask = 2147483647;
			files = (
			);
			runOnlyForDeploymentPostprocessing = 0;
		};
		294E0CA22A9A679F00E4C01B /* Resources */ = {
			isa = PBXResourcesBuildPhase;
			buildActionMask = 2147483647;
			files = (
			);
			runOnlyForDeploymentPostprocessing = 0;
		};
/* End PBXResourcesBuildPhase section */

/* Begin PBXSourcesBuildPhase section */
		294E0C862A9A679E00E4C01B /* Sources */ = {
			isa = PBXSourcesBuildPhase;
			buildActionMask = 2147483647;
			files = (
				294E0CC72A9BEDD000E4C01B /* SensorsDataView.swift in Sources */,
				294E0CBB2A9BD52200E4C01B /* SensorConnectionView.swift in Sources */,
				294E0CCB2A9BF92B00E4C01B /* RTSensors.swift in Sources */,
				294E0CC32A9BDF4600E4C01B /* CustomViews.swift in Sources */,
				294E0C902A9A679E00E4C01B /* ContentView.swift in Sources */,
				294E0C8E2A9A679E00E4C01B /* TheBlueAppApp.swift in Sources */,
				294E0CC92A9BF32500E4C01B /* BLEController.swift in Sources */,
			);
			runOnlyForDeploymentPostprocessing = 0;
		};
		294E0C962A9A679F00E4C01B /* Sources */ = {
			isa = PBXSourcesBuildPhase;
			buildActionMask = 2147483647;
			files = (
				294E0C9F2A9A679F00E4C01B /* TheBlueAppTests.swift in Sources */,
			);
			runOnlyForDeploymentPostprocessing = 0;
		};
		294E0CA02A9A679F00E4C01B /* Sources */ = {
			isa = PBXSourcesBuildPhase;
			buildActionMask = 2147483647;
			files = (
				294E0CAB2A9A679F00E4C01B /* TheBlueAppUITestsLaunchTests.swift in Sources */,
				294E0CA92A9A679F00E4C01B /* TheBlueAppUITests.swift in Sources */,
			);
			runOnlyForDeploymentPostprocessing = 0;
		};
/* End PBXSourcesBuildPhase section */

/* Begin PBXTargetDependency section */
		294E0C9C2A9A679F00E4C01B /* PBXTargetDependency */ = {
			isa = PBXTargetDependency;
			target = 294E0C892A9A679E00E4C01B /* TheBlueApp */;
			targetProxy = 294E0C9B2A9A679F00E4C01B /* PBXContainerItemProxy */;
		};
		294E0CA62A9A679F00E4C01B /* PBXTargetDependency */ = {
			isa = PBXTargetDependency;
			target = 294E0C892A9A679E00E4C01B /* TheBlueApp */;
			targetProxy = 294E0CA52A9A679F00E4C01B /* PBXContainerItemProxy */;
		};
/* End PBXTargetDependency section */

/* Begin XCBuildConfiguration section */
		294E0CAC2A9A679F00E4C01B /* Debug */ = {
			isa = XCBuildConfiguration;
			buildSettings = {
				ALWAYS_SEARCH_USER_PATHS = NO;
				CLANG_ANALYZER_NONNULL = YES;
				CLANG_ANALYZER_NUMBER_OBJECT_CONVERSION = YES_AGGRESSIVE;
				CLANG_CXX_LANGUAGE_STANDARD = "gnu++20";
				CLANG_ENABLE_MODULES = YES;
				CLANG_ENABLE_OBJC_ARC = YES;
				CLANG_ENABLE_OBJC_WEAK = YES;
				CLANG_WARN_BLOCK_CAPTURE_AUTORELEASING = YES;
				CLANG_WARN_BOOL_CONVERSION = YES;
				CLANG_WARN_COMMA = YES;
				CLANG_WARN_CONSTANT_CONVERSION = YES;
				CLANG_WARN_DEPRECATED_OBJC_IMPLEMENTATIONS = YES;
				CLANG_WARN_DIRECT_OBJC_ISA_USAGE = YES_ERROR;
				CLANG_WARN_DOCUMENTATION_COMMENTS = YES;
				CLANG_WARN_EMPTY_BODY = YES;
				CLANG_WARN_ENUM_CONVERSION = YES;
				CLANG_WARN_INFINITE_RECURSION = YES;
				CLANG_WARN_INT_CONVERSION = YES;
				CLANG_WARN_NON_LITERAL_NULL_CONVERSION = YES;
				CLANG_WARN_OBJC_IMPLICIT_RETAIN_SELF = YES;
				CLANG_WARN_OBJC_LITERAL_CONVERSION = YES;
				CLANG_WARN_OBJC_ROOT_CLASS = YES_ERROR;
				CLANG_WARN_QUOTED_INCLUDE_IN_FRAMEWORK_HEADER = YES;
				CLANG_WARN_RANGE_LOOP_ANALYSIS = YES;
				CLANG_WARN_STRICT_PROTOTYPES = YES;
				CLANG_WARN_SUSPICIOUS_MOVE = YES;
				CLANG_WARN_UNGUARDED_AVAILABILITY = YES_AGGRESSIVE;
				CLANG_WARN_UNREACHABLE_CODE = YES;
				CLANG_WARN__DUPLICATE_METHOD_MATCH = YES;
				COPY_PHASE_STRIP = NO;
				DEBUG_INFORMATION_FORMAT = dwarf;
				ENABLE_STRICT_OBJC_MSGSEND = YES;
				ENABLE_TESTABILITY = YES;
				GCC_C_LANGUAGE_STANDARD = gnu11;
				GCC_DYNAMIC_NO_PIC = NO;
				GCC_NO_COMMON_BLOCKS = YES;
				GCC_OPTIMIZATION_LEVEL = 0;
				GCC_PREPROCESSOR_DEFINITIONS = (
					"DEBUG=1",
					"$(inherited)",
				);
				GCC_WARN_64_TO_32_BIT_CONVERSION = YES;
				GCC_WARN_ABOUT_RETURN_TYPE = YES_ERROR;
				GCC_WARN_UNDECLARED_SELECTOR = YES;
				GCC_WARN_UNINITIALIZED_AUTOS = YES_AGGRESSIVE;
				GCC_WARN_UNUSED_FUNCTION = YES;
				GCC_WARN_UNUSED_VARIABLE = YES;
				IPHONEOS_DEPLOYMENT_TARGET = 16.4;
				MTL_ENABLE_DEBUG_INFO = INCLUDE_SOURCE;
				MTL_FAST_MATH = YES;
				ONLY_ACTIVE_ARCH = YES;
				SDKROOT = iphoneos;
				SWIFT_ACTIVE_COMPILATION_CONDITIONS = DEBUG;
				SWIFT_OPTIMIZATION_LEVEL = "-Onone";
			};
			name = Debug;
		};
		294E0CAD2A9A679F00E4C01B /* Release */ = {
			isa = XCBuildConfiguration;
			buildSettings = {
				ALWAYS_SEARCH_USER_PATHS = NO;
				CLANG_ANALYZER_NONNULL = YES;
				CLANG_ANALYZER_NUMBER_OBJECT_CONVERSION = YES_AGGRESSIVE;
				CLANG_CXX_LANGUAGE_STANDARD = "gnu++20";
				CLANG_ENABLE_MODULES = YES;
				CLANG_ENABLE_OBJC_ARC = YES;
				CLANG_ENABLE_OBJC_WEAK = YES;
				CLANG_WARN_BLOCK_CAPTURE_AUTORELEASING = YES;
				CLANG_WARN_BOOL_CONVERSION = YES;
				CLANG_WARN_COMMA = YES;
				CLANG_WARN_CONSTANT_CONVERSION = YES;
				CLANG_WARN_DEPRECATED_OBJC_IMPLEMENTATIONS = YES;
				CLANG_WARN_DIRECT_OBJC_ISA_USAGE = YES_ERROR;
				CLANG_WARN_DOCUMENTATION_COMMENTS = YES;
				CLANG_WARN_EMPTY_BODY = YES;
				CLANG_WARN_ENUM_CONVERSION = YES;
				CLANG_WARN_INFINITE_RECURSION = YES;
				CLANG_WARN_INT_CONVERSION = YES;
				CLANG_WARN_NON_LITERAL_NULL_CONVERSION = YES;
				CLANG_WARN_OBJC_IMPLICIT_RETAIN_SELF = YES;
				CLANG_WARN_OBJC_LITERAL_CONVERSION = YES;
				CLANG_WARN_OBJC_ROOT_CLASS = YES_ERROR;
				CLANG_WARN_QUOTED_INCLUDE_IN_FRAMEWORK_HEADER = YES;
				CLANG_WARN_RANGE_LOOP_ANALYSIS = YES;
				CLANG_WARN_STRICT_PROTOTYPES = YES;
				CLANG_WARN_SUSPICIOUS_MOVE = YES;
				CLANG_WARN_UNGUARDED_AVAILABILITY = YES_AGGRESSIVE;
				CLANG_WARN_UNREACHABLE_CODE = YES;
				CLANG_WARN__DUPLICATE_METHOD_MATCH = YES;
				COPY_PHASE_STRIP = NO;
				DEBUG_INFORMATION_FORMAT = "dwarf-with-dsym";
				ENABLE_NS_ASSERTIONS = NO;
				ENABLE_STRICT_OBJC_MSGSEND = YES;
				GCC_C_LANGUAGE_STANDARD = gnu11;
				GCC_NO_COMMON_BLOCKS = YES;
				GCC_WARN_64_TO_32_BIT_CONVERSION = YES;
				GCC_WARN_ABOUT_RETURN_TYPE = YES_ERROR;
				GCC_WARN_UNDECLARED_SELECTOR = YES;
				GCC_WARN_UNINITIALIZED_AUTOS = YES_AGGRESSIVE;
				GCC_WARN_UNUSED_FUNCTION = YES;
				GCC_WARN_UNUSED_VARIABLE = YES;
				IPHONEOS_DEPLOYMENT_TARGET = 16.4;
				MTL_ENABLE_DEBUG_INFO = NO;
				MTL_FAST_MATH = YES;
				SDKROOT = iphoneos;
				SWIFT_COMPILATION_MODE = wholemodule;
				SWIFT_OPTIMIZATION_LEVEL = "-O";
				VALIDATE_PRODUCT = YES;
			};
			name = Release;
		};
		294E0CAF2A9A679F00E4C01B /* Debug */ = {
			isa = XCBuildConfiguration;
			buildSettings = {
				ASSETCATALOG_COMPILER_APPICON_NAME = AppIcon;
				ASSETCATALOG_COMPILER_GLOBAL_ACCENT_COLOR_NAME = AccentColor;
				CODE_SIGN_STYLE = Automatic;
				CURRENT_PROJECT_VERSION = 1;
				DEVELOPMENT_ASSET_PATHS = "\"TheBlueApp/Preview Content\"";
				DEVELOPMENT_TEAM = T4H337X34Z;
				ENABLE_PREVIEWS = YES;
				GENERATE_INFOPLIST_FILE = YES;
				INFOPLIST_FILE = TheBlueApp/Info.plist;
				INFOPLIST_KEY_NSBluetoothAlwaysUsageDescription = "";
				INFOPLIST_KEY_UIApplicationSceneManifest_Generation = YES;
				INFOPLIST_KEY_UIApplicationSupportsIndirectInputEvents = YES;
				INFOPLIST_KEY_UILaunchScreen_Generation = YES;
				INFOPLIST_KEY_UISupportedInterfaceOrientations_iPad = "UIInterfaceOrientationPortrait UIInterfaceOrientationPortraitUpsideDown UIInterfaceOrientationLandscapeLeft UIInterfaceOrientationLandscapeRight";
				INFOPLIST_KEY_UISupportedInterfaceOrientations_iPhone = "UIInterfaceOrientationPortrait UIInterfaceOrientationLandscapeLeft UIInterfaceOrientationLandscapeRight";
				LD_RUNPATH_SEARCH_PATHS = (
					"$(inherited)",
					"@executable_path/Frameworks",
				);
				MARKETING_VERSION = 1.0;
				PRODUCT_BUNDLE_IDENTIFIER = "com.Max-gulda.TheBlueApp";
				PRODUCT_NAME = "$(TARGET_NAME)";
				SWIFT_EMIT_LOC_STRINGS = YES;
				SWIFT_VERSION = 5.0;
				TARGETED_DEVICE_FAMILY = "1,2";
			};
			name = Debug;
		};
		294E0CB02A9A679F00E4C01B /* Release */ = {
			isa = XCBuildConfiguration;
			buildSettings = {
				ASSETCATALOG_COMPILER_APPICON_NAME = AppIcon;
				ASSETCATALOG_COMPILER_GLOBAL_ACCENT_COLOR_NAME = AccentColor;
				CODE_SIGN_STYLE = Automatic;
				CURRENT_PROJECT_VERSION = 1;
				DEVELOPMENT_ASSET_PATHS = "\"TheBlueApp/Preview Content\"";
				DEVELOPMENT_TEAM = T4H337X34Z;
				ENABLE_PREVIEWS = YES;
				GENERATE_INFOPLIST_FILE = YES;
				INFOPLIST_FILE = TheBlueApp/Info.plist;
				INFOPLIST_KEY_NSBluetoothAlwaysUsageDescription = "";
				INFOPLIST_KEY_UIApplicationSceneManifest_Generation = YES;
				INFOPLIST_KEY_UIApplicationSupportsIndirectInputEvents = YES;
				INFOPLIST_KEY_UILaunchScreen_Generation = YES;
				INFOPLIST_KEY_UISupportedInterfaceOrientations_iPad = "UIInterfaceOrientationPortrait UIInterfaceOrientationPortraitUpsideDown UIInterfaceOrientationLandscapeLeft UIInterfaceOrientationLandscapeRight";
				INFOPLIST_KEY_UISupportedInterfaceOrientations_iPhone = "UIInterfaceOrientationPortrait UIInterfaceOrientationLandscapeLeft UIInterfaceOrientationLandscapeRight";
				LD_RUNPATH_SEARCH_PATHS = (
					"$(inherited)",
					"@executable_path/Frameworks",
				);
				MARKETING_VERSION = 1.0;
				PRODUCT_BUNDLE_IDENTIFIER = "com.Max-gulda.TheBlueApp";
				PRODUCT_NAME = "$(TARGET_NAME)";
				SWIFT_EMIT_LOC_STRINGS = YES;
				SWIFT_VERSION = 5.0;
				TARGETED_DEVICE_FAMILY = "1,2";
			};
			name = Release;
		};
		294E0CB22A9A679F00E4C01B /* Debug */ = {
			isa = XCBuildConfiguration;
			buildSettings = {
				ALWAYS_EMBED_SWIFT_STANDARD_LIBRARIES = YES;
				BUNDLE_LOADER = "$(TEST_HOST)";
				CODE_SIGN_STYLE = Automatic;
				CURRENT_PROJECT_VERSION = 1;
				DEVELOPMENT_TEAM = T4H337X34Z;
				GENERATE_INFOPLIST_FILE = YES;
				IPHONEOS_DEPLOYMENT_TARGET = 16.4;
				MARKETING_VERSION = 1.0;
				PRODUCT_BUNDLE_IDENTIFIER = "com.Max-gulda.TheBlueAppTests";
				PRODUCT_NAME = "$(TARGET_NAME)";
				SWIFT_EMIT_LOC_STRINGS = NO;
				SWIFT_VERSION = 5.0;
				TARGETED_DEVICE_FAMILY = "1,2";
				TEST_HOST = "$(BUILT_PRODUCTS_DIR)/TheBlueApp.app/$(BUNDLE_EXECUTABLE_FOLDER_PATH)/TheBlueApp";
			};
			name = Debug;
		};
		294E0CB32A9A679F00E4C01B /* Release */ = {
			isa = XCBuildConfiguration;
			buildSettings = {
				ALWAYS_EMBED_SWIFT_STANDARD_LIBRARIES = YES;
				BUNDLE_LOADER = "$(TEST_HOST)";
				CODE_SIGN_STYLE = Automatic;
				CURRENT_PROJECT_VERSION = 1;
				DEVELOPMENT_TEAM = T4H337X34Z;
				GENERATE_INFOPLIST_FILE = YES;
				IPHONEOS_DEPLOYMENT_TARGET = 16.4;
				MARKETING_VERSION = 1.0;
				PRODUCT_BUNDLE_IDENTIFIER = "com.Max-gulda.TheBlueAppTests";
				PRODUCT_NAME = "$(TARGET_NAME)";
				SWIFT_EMIT_LOC_STRINGS = NO;
				SWIFT_VERSION = 5.0;
				TARGETED_DEVICE_FAMILY = "1,2";
				TEST_HOST = "$(BUILT_PRODUCTS_DIR)/TheBlueApp.app/$(BUNDLE_EXECUTABLE_FOLDER_PATH)/TheBlueApp";
			};
			name = Release;
		};
		294E0CB52A9A679F00E4C01B /* Debug */ = {
			isa = XCBuildConfiguration;
			buildSettings = {
				ALWAYS_EMBED_SWIFT_STANDARD_LIBRARIES = YES;
				CODE_SIGN_STYLE = Automatic;
				CURRENT_PROJECT_VERSION = 1;
				DEVELOPMENT_TEAM = T4H337X34Z;
				GENERATE_INFOPLIST_FILE = YES;
				MARKETING_VERSION = 1.0;
				PRODUCT_BUNDLE_IDENTIFIER = "com.Max-gulda.TheBlueAppUITests";
				PRODUCT_NAME = "$(TARGET_NAME)";
				SWIFT_EMIT_LOC_STRINGS = NO;
				SWIFT_VERSION = 5.0;
				TARGETED_DEVICE_FAMILY = "1,2";
				TEST_TARGET_NAME = TheBlueApp;
			};
			name = Debug;
		};
		294E0CB62A9A679F00E4C01B /* Release */ = {
			isa = XCBuildConfiguration;
			buildSettings = {
				ALWAYS_EMBED_SWIFT_STANDARD_LIBRARIES = YES;
				CODE_SIGN_STYLE = Automatic;
				CURRENT_PROJECT_VERSION = 1;
				DEVELOPMENT_TEAM = T4H337X34Z;
				GENERATE_INFOPLIST_FILE = YES;
				MARKETING_VERSION = 1.0;
				PRODUCT_BUNDLE_IDENTIFIER = "com.Max-gulda.TheBlueAppUITests";
				PRODUCT_NAME = "$(TARGET_NAME)";
				SWIFT_EMIT_LOC_STRINGS = NO;
				SWIFT_VERSION = 5.0;
				TARGETED_DEVICE_FAMILY = "1,2";
				TEST_TARGET_NAME = TheBlueApp;
			};
			name = Release;
		};
/* End XCBuildConfiguration section */

/* Begin XCConfigurationList section */
		294E0C852A9A679E00E4C01B /* Build configuration list for PBXProject "TheBlueApp" */ = {
			isa = XCConfigurationList;
			buildConfigurations = (
				294E0CAC2A9A679F00E4C01B /* Debug */,
				294E0CAD2A9A679F00E4C01B /* Release */,
			);
			defaultConfigurationIsVisible = 0;
			defaultConfigurationName = Release;
		};
		294E0CAE2A9A679F00E4C01B /* Build configuration list for PBXNativeTarget "TheBlueApp" */ = {
			isa = XCConfigurationList;
			buildConfigurations = (
				294E0CAF2A9A679F00E4C01B /* Debug */,
				294E0CB02A9A679F00E4C01B /* Release */,
			);
			defaultConfigurationIsVisible = 0;
			defaultConfigurationName = Release;
		};
		294E0CB12A9A679F00E4C01B /* Build configuration list for PBXNativeTarget "TheBlueAppTests" */ = {
			isa = XCConfigurationList;
			buildConfigurations = (
				294E0CB22A9A679F00E4C01B /* Debug */,
				294E0CB32A9A679F00E4C01B /* Release */,
			);
			defaultConfigurationIsVisible = 0;
			defaultConfigurationName = Release;
		};
		294E0CB42A9A679F00E4C01B /* Build configuration list for PBXNativeTarget "TheBlueAppUITests" */ = {
			isa = XCConfigurationList;
			buildConfigurations = (
				294E0CB52A9A679F00E4C01B /* Debug */,
				294E0CB62A9A679F00E4C01B /* Release */,
			);
			defaultConfigurationIsVisible = 0;
			defaultConfigurationName = Release;
		};
/* End XCConfigurationList section */
	};
	rootObject = 294E0C822A9A679E00E4C01B /* Project object */;
}
